{
  "nodes": {
    "nixpkgs": {
      "locked": {
        "lastModified": 1732238832,
        "narHash": "sha256-sQxuJm8rHY20xq6Ah+GwIUkF95tWjGRd1X8xF+Pkk38=",
        "owner": "NixOS",
        "repo": "nixpkgs",
        "rev": "8edf06bea5bcbee082df1b7369ff973b91618b8d",
        "type": "github"
      },
      "original": {
        "owner": "NixOS",
        "ref": "nixpkgs-unstable",
        "repo": "nixpkgs",
        "type": "github"
      }
    },
    "root": {
      "inputs": {
        "nixpkgs": "nixpkgs",
        "zmk-nix": "zmk-nix",
        "zmk-nix-stm": "zmk-nix-stm"
      }
    },
    "zmk-nix": {
      "inputs": {
        "nixpkgs": [
          "nixpkgs"
        ]
      },
      "locked": {
        "lastModified": 1732408613,
        "narHash": "sha256-Q1R1bbfH0wzpL8Xl299lYYB0I/1c0mLO8ZWtM3NNbDc=",
        "owner": "lilyinstarlight",
        "repo": "zmk-nix",
        "rev": "2397f7e12a51c6a72f3347bc81cc8615ab2d22f2",
        "type": "github"
      },
      "original": {
        "owner": "lilyinstarlight",
        "ref": "main",
        "repo": "zmk-nix",
        "type": "github"
      }
    },
    "zmk-nix-stm": {
      "inputs": {
        "nixpkgs": [
          "nixpkgs"
        ]
      },
      "locked": {
        "lastModified": 1730326485,
        "narHash": "sha256-Bvel8CogwawpviOfaH0q5rS3ckNXfL0dNkhvKq4evrs=",
        "ref": "bin",
        "rev": "df377b2c249d104a3bc8b861dabef7dc09d23f5a",
        "revCount": 185,
        "type": "git",
        "url": "file:///home/joshua/src/zmk-nix"
      },
      "original": {
        "ref": "bin",
        "type": "git",
        "url": "file:///home/joshua/src/zmk-nix"
      }
    }
  },
  "root": "root",
  "version": 7
}
