{
  "nodes": {
    "nixpkgs": {
      "locked": {
        "lastModified": 1742923925,
        "narHash": "sha256-biPjLws6FiBVUUDHEMFq5pUQL84Wf7PntPYdo3oKkFw=",
        "owner": "NixOS",
        "repo": "nixpkgs",
        "rev": "25d1b84f5c90632a623c48d83a2faf156451e6b1",
        "type": "github"
      },
      "original": {
        "owner": "NixOS",
        "ref": "nixpkgs-unstable",
        "repo": "nixpkgs",
        "type": "github"
      }
    },
    "root": {
      "inputs": {
        "nixpkgs": "nixpkgs",
        "zmk-nix": "zmk-nix",
        "zmk-nix-stm": "zmk-nix-stm"
      }
    },
    "zmk-nix": {
      "inputs": {
        "nixpkgs": [
          "nixpkgs"
        ]
      },
      "locked": {
        "lastModified": 1742690277,
        "narHash": "sha256-aMpj64fdAi6R3Mkp5bcQwIpmDUne9bwY0mOcCilWnsI=",
        "owner": "lilyinstarlight",
        "repo": "zmk-nix",
        "rev": "d77e4d5a3dc92e7d5e6cdff058a47edccf647175",
        "type": "github"
      },
      "original": {
        "owner": "lilyinstarlight",
        "ref": "main",
        "repo": "zmk-nix",
        "type": "github"
      }
    },
    "zmk-nix-stm": {
      "inputs": {
        "nixpkgs": [
          "nixpkgs"
        ]
      },
      "locked": {
        "lastModified": 1730326485,
        "narHash": "sha256-Bvel8CogwawpviOfaH0q5rS3ckNXfL0dNkhvKq4evrs=",
        "ref": "bin",
        "rev": "df377b2c249d104a3bc8b861dabef7dc09d23f5a",
        "revCount": 185,
        "type": "git",
        "url": "file:///home/joshua/src/zmk-nix"
      },
      "original": {
        "ref": "bin",
        "type": "git",
        "url": "file:///home/joshua/src/zmk-nix"
      }
    }
  },
  "root": "root",
  "version": 7
}
