{
  "nodes": {
    "nixpkgs": {
      "locked": {
        "lastModified": 1730272153,
        "narHash": "sha256-B5WRZYsRlJgwVHIV6DvidFN7VX7Fg9uuwkRW9Ha8z+w=",
        "owner": "NixOS",
        "repo": "nixpkgs",
        "rev": "2d2a9ddbe3f2c00747398f3dc9b05f7f2ebb0f53",
        "type": "github"
      },
      "original": {
        "owner": "NixOS",
        "ref": "nixpkgs-unstable",
        "repo": "nixpkgs",
        "type": "github"
      }
    },
    "root": {
      "inputs": {
        "nixpkgs": "nixpkgs",
        "zmk-nix": "zmk-nix",
        "zmk-nix-stm": "zmk-nix-stm"
      }
    },
    "zmk-nix": {
      "inputs": {
        "nixpkgs": [
          "nixpkgs"
        ]
      },
      "locked": {
        "lastModified": 1730663558,
        "narHash": "sha256-qJG7KoBmO326k4c3JnUI8cQ0aEi5tx/bnQl2nIw1hnI=",
        "owner": "lilyinstarlight",
        "repo": "zmk-nix",
        "rev": "f9fceeff2451a0db6fb72909e7f30868151ea175",
        "type": "github"
      },
      "original": {
        "owner": "lilyinstarlight",
        "ref": "main",
        "repo": "zmk-nix",
        "type": "github"
      }
    },
    "zmk-nix-stm": {
      "inputs": {
        "nixpkgs": [
          "nixpkgs"
        ]
      },
      "locked": {
        "lastModified": 1730326485,
        "narHash": "sha256-Bvel8CogwawpviOfaH0q5rS3ckNXfL0dNkhvKq4evrs=",
        "ref": "bin",
        "rev": "df377b2c249d104a3bc8b861dabef7dc09d23f5a",
        "revCount": 185,
        "type": "git",
        "url": "file:///home/joshua/src/zmk-nix"
      },
      "original": {
        "ref": "bin",
        "type": "git",
        "url": "file:///home/joshua/src/zmk-nix"
      }
    }
  },
  "root": "root",
  "version": 7
}
